
Microsoft Visual Studio Solution File, Format Version 12.00
# Visual Studio 15
VisualStudioVersion = 15.0.28010.2003
MinimumVisualStudioVersion = 10.0.40219.1
Project("{FAE04EC0-301F-11D3-BF4B-00C04F79EFBC}") = "TP2_ZumaGame", "TP2_ZumaGame\TP2_ZumaGame.csproj", "{DD983E04-98A0-434D-A926-2E7F51642507}"
EndProject
Global
	GlobalSection(SolutionConfigurationPlatforms) = preSolution
		Debug|Any CPU = Debug|Any CPU
		Release|Any CPU = Release|Any CPU
	EndGlobalSection
	GlobalSection(ProjectConfigurationPlatforms) = postSolution
		{DD983E04-98A0-434D-A926-2E7F51642507}.Debug|Any CPU.ActiveCfg = Debug|Any CPU
		{DD983E04-98A0-434D-A926-2E7F51642507}.Debug|Any CPU.Build.0 = Debug|Any CPU
		{DD983E04-98A0-434D-A926-2E7F51642507}.Release|Any CPU.ActiveCfg = Release|Any CPU
		{DD983E04-98A0-434D-A926-2E7F51642507}.Release|Any CPU.Build.0 = Release|Any CPU
	EndGlobalSection
	GlobalSection(SolutionProperties) = preSolution
		HideSolutionNode = FALSE
	EndGlobalSection
	GlobalSection(ExtensibilityGlobals) = postSolution
		SolutionGuid = {741E684B-B3F4-459E-BE43-2570E96C2D32}
	EndGlobalSection
EndGlobal
